
Microsoft Visual Studio Solution File, Format Version 12.00
# Visual Studio 15
VisualStudioVersion = 15.0.28307.960
MinimumVisualStudioVersion = 10.0.40219.1
Project("{FAE04EC0-301F-11D3-BF4B-00C04F79EFBC}") = "Anos 2", "Anos 2\Anos 2.csproj", "{B7A12167-90BA-406F-8CE1-0F639715F8F3}"
EndProject
Global
	GlobalSection(SolutionConfigurationPlatforms) = preSolution
		Debug|Any CPU = Debug|Any CPU
		Release|Any CPU = Release|Any CPU
	EndGlobalSection
	GlobalSection(ProjectConfigurationPlatforms) = postSolution
		{B7A12167-90BA-406F-8CE1-0F639715F8F3}.Debug|Any CPU.ActiveCfg = Debug|Any CPU
		{B7A12167-90BA-406F-8CE1-0F639715F8F3}.Debug|Any CPU.Build.0 = Debug|Any CPU
		{B7A12167-90BA-406F-8CE1-0F639715F8F3}.Release|Any CPU.ActiveCfg = Release|Any CPU
		{B7A12167-90BA-406F-8CE1-0F639715F8F3}.Release|Any CPU.Build.0 = Release|Any CPU
	EndGlobalSection
	GlobalSection(SolutionProperties) = preSolution
		HideSolutionNode = FALSE
	EndGlobalSection
	GlobalSection(ExtensibilityGlobals) = postSolution
		SolutionGuid = {68FB9E47-F8D7-4618-8AB3-499CAD656D0B}
	EndGlobalSection
EndGlobal
