
Microsoft Visual Studio Solution File, Format Version 12.00
# Visual Studio 15
VisualStudioVersion = 15.0.28307.960
MinimumVisualStudioVersion = 10.0.40219.1
Project("{FAE04EC0-301F-11D3-BF4B-00C04F79EFBC}") = "Anos 4", "Anos 4\Anos 4.csproj", "{C2AF632F-5687-4C97-891F-22EEA6D0E73C}"
EndProject
Global
	GlobalSection(SolutionConfigurationPlatforms) = preSolution
		Debug|Any CPU = Debug|Any CPU
		Release|Any CPU = Release|Any CPU
	EndGlobalSection
	GlobalSection(ProjectConfigurationPlatforms) = postSolution
		{C2AF632F-5687-4C97-891F-22EEA6D0E73C}.Debug|Any CPU.ActiveCfg = Debug|Any CPU
		{C2AF632F-5687-4C97-891F-22EEA6D0E73C}.Debug|Any CPU.Build.0 = Debug|Any CPU
		{C2AF632F-5687-4C97-891F-22EEA6D0E73C}.Release|Any CPU.ActiveCfg = Release|Any CPU
		{C2AF632F-5687-4C97-891F-22EEA6D0E73C}.Release|Any CPU.Build.0 = Release|Any CPU
	EndGlobalSection
	GlobalSection(SolutionProperties) = preSolution
		HideSolutionNode = FALSE
	EndGlobalSection
	GlobalSection(ExtensibilityGlobals) = postSolution
		SolutionGuid = {A6BD0918-F85C-4D44-95DD-476DBB92A996}
	EndGlobalSection
EndGlobal
